{
  "_meta": {
    "file-type": "spack-lockfile",
    "lockfile-version": 4,
    "specfile-version": 3
  },
  "roots": [
    {
      "hash": "jlqxlfdg7ksries6cir4stjvcfkvj5mb",
      "spec": "ucx@1.13.1+debug+dev+logging"
    }
  ],
  "concrete_specs": {
    "jlqxlfdg7ksries6cir4stjvcfkvj5mb": {
      "name": "ucx",
      "version": "1.13.1",
      "arch": {
        "platform": "linux",
        "platform_os": "debian11",
        "target": {
          "name": "skylake",
          "vendor": "GenuineIntel",
          "features": [
            "adx",
            "aes",
            "avx",
            "avx2",
            "bmi1",
            "bmi2",
            "clflushopt",
            "f16c",
            "fma",
            "mmx",
            "movbe",
            "pclmulqdq",
            "popcnt",
            "rdrand",
            "rdseed",
            "sse",
            "sse2",
            "sse4_1",
            "sse4_2",
            "ssse3",
            "xsavec",
            "xsaveopt"
          ],
          "generation": 0,
          "parents": [
            "broadwell"
          ]
        }
      },
      "compiler": {
        "name": "gcc",
        "version": "10.2.1"
      },
      "namespace": "ucx_practice",
      "parameters": {
        "assertions": false,
        "backtrace_detail": false,
        "cma": false,
        "cuda": false,
        "dc": false,
        "debug": true,
        "dev": true,
        "dm": false,
        "examples": true,
        "gdrcopy": false,
        "ib_hw_tm": false,
        "java": false,
        "knem": false,
        "libs": [
          "shared",
          "static"
        ],
        "logging": true,
        "mlx5_dv": false,
        "openmp": true,
        "opt": "3",
        "optimizations": true,
        "parameter_checking": false,
        "pic": true,
        "rc": false,
        "rdmacm": false,
        "rocm": false,
        "simd": [
          "auto"
        ],
        "thread_multiple": false,
        "ucg": false,
        "ud": false,
        "verbs": false,
        "vfs": false,
        "xpmem": false,
        "cflags": [],
        "cppflags": [],
        "cxxflags": [],
        "fflags": [],
        "ldflags": [],
        "ldlibs": []
      },
      "package_hash": "bbvbfwgio77nzrusubsklqpmr2mfkxpwwms73psamhz2e5r2jsya====",
      "dependencies": [
        {
          "name": "numactl",
          "hash": "jwabdqszmqd4cvfl4h5e4gwnhicg4rlv",
          "type": [
            "build",
            "link"
          ]
        },
        {
          "name": "pkg-config",
          "hash": "4lpjhmchsr3rwxnreos3phb2wu3qxg2p",
          "type": [
            "build"
          ]
        }
      ],
      "hash": "jlqxlfdg7ksries6cir4stjvcfkvj5mb"
    },
    "jwabdqszmqd4cvfl4h5e4gwnhicg4rlv": {
      "name": "numactl",
      "version": "2.0.14",
      "arch": {
        "platform": "linux",
        "platform_os": "debian11",
        "target": {
          "name": "skylake",
          "vendor": "GenuineIntel",
          "features": [
            "adx",
            "aes",
            "avx",
            "avx2",
            "bmi1",
            "bmi2",
            "clflushopt",
            "f16c",
            "fma",
            "mmx",
            "movbe",
            "pclmulqdq",
            "popcnt",
            "rdrand",
            "rdseed",
            "sse",
            "sse2",
            "sse4_1",
            "sse4_2",
            "ssse3",
            "xsavec",
            "xsaveopt"
          ],
          "generation": 0,
          "parents": [
            "broadwell"
          ]
        }
      },
      "compiler": {
        "name": "gcc",
        "version": "10.2.1"
      },
      "namespace": "builtin",
      "parameters": {
        "patches": [
          "4e1d78cbbb85de625bad28705e748856033eaafab92a66dffd383a3d7e00cc94",
          "62fc8a8bf7665a60e8f4c93ebbd535647cebf74198f7afafec4c085a8825c006",
          "ff37630df599cfabf0740518b91ec8daaf18e8f288b19adaae5364dc1f6b2296"
        ],
        "cflags": [],
        "cppflags": [],
        "cxxflags": [],
        "fflags": [],
        "ldflags": [],
        "ldlibs": []
      },
      "patches": [
        "4e1d78cbbb85de625bad28705e748856033eaafab92a66dffd383a3d7e00cc94",
        "62fc8a8bf7665a60e8f4c93ebbd535647cebf74198f7afafec4c085a8825c006",
        "ff37630df599cfabf0740518b91ec8daaf18e8f288b19adaae5364dc1f6b2296"
      ],
      "package_hash": "qx42rgxqmy2b34guslo6ltje2cii3lznj7bddfnctdbtolulrndq====",
      "dependencies": [
        {
          "name": "autoconf",
          "hash": "7qd27rtxzbdtd4ssvk77dxzfyf2hccud",
          "type": [
            "build"
          ]
        },
        {
          "name": "automake",
          "hash": "35us5t6f24fsospseutcrbjlnm7x57ur",
          "type": [
            "build"
          ]
        },
        {
          "name": "libtool",
          "hash": "sbrp362d4gq5bimst2gjamsdyjmenp64",
          "type": [
            "build"
          ]
        },
        {
          "name": "m4",
          "hash": "7tmpfitzvddq7iwphgpe5oyn2o4nbzds",
          "type": [
            "build"
          ]
        }
      ],
      "hash": "jwabdqszmqd4cvfl4h5e4gwnhicg4rlv"
    },
    "7qd27rtxzbdtd4ssvk77dxzfyf2hccud": {
      "name": "autoconf",
      "version": "2.69",
      "arch": {
        "platform": "linux",
        "platform_os": "debian11",
        "target": {
          "name": "skylake",
          "vendor": "GenuineIntel",
          "features": [
            "adx",
            "aes",
            "avx",
            "avx2",
            "bmi1",
            "bmi2",
            "clflushopt",
            "f16c",
            "fma",
            "mmx",
            "movbe",
            "pclmulqdq",
            "popcnt",
            "rdrand",
            "rdseed",
            "sse",
            "sse2",
            "sse4_1",
            "sse4_2",
            "ssse3",
            "xsavec",
            "xsaveopt"
          ],
          "generation": 0,
          "parents": [
            "broadwell"
          ]
        }
      },
      "compiler": {
        "name": "gcc",
        "version": "10.2.1"
      },
      "namespace": "builtin",
      "parameters": {
        "patches": [
          "35c449281546376449766f92d49fc121ca50e330e60fefcfc9be2af3253082c2",
          "7793209b33013dc0f81208718c68440c5aae80e7a1c4b8d336e382525af791a7",
          "a49dd5bac3b62daa0ff688ab4d508d71dbd2f4f8d7e2a02321926346161bf3ee"
        ],
        "cflags": [],
        "cppflags": [],
        "cxxflags": [],
        "fflags": [],
        "ldflags": [],
        "ldlibs": []
      },
      "patches": [
        "7793209b33013dc0f81208718c68440c5aae80e7a1c4b8d336e382525af791a7",
        "35c449281546376449766f92d49fc121ca50e330e60fefcfc9be2af3253082c2",
        "a49dd5bac3b62daa0ff688ab4d508d71dbd2f4f8d7e2a02321926346161bf3ee"
      ],
      "package_hash": "red4pgqt3ol6tlujolhb7w7lgbwwl5nk7cmte2ieav4qxxoap5uq====",
      "dependencies": [
        {
          "name": "m4",
          "hash": "7tmpfitzvddq7iwphgpe5oyn2o4nbzds",
          "type": [
            "build",
            "run"
          ]
        },
        {
          "name": "perl",
          "hash": "jebeduv7jbe2tcn6zlzuqsa5znrcwq65",
          "type": [
            "build",
            "run"
          ]
        }
      ],
      "hash": "7qd27rtxzbdtd4ssvk77dxzfyf2hccud"
    },
    "7tmpfitzvddq7iwphgpe5oyn2o4nbzds": {
      "name": "m4",
      "version": "1.4.19",
      "arch": {
        "platform": "linux",
        "platform_os": "debian11",
        "target": {
          "name": "skylake",
          "vendor": "GenuineIntel",
          "features": [
            "adx",
            "aes",
            "avx",
            "avx2",
            "bmi1",
            "bmi2",
            "clflushopt",
            "f16c",
            "fma",
            "mmx",
            "movbe",
            "pclmulqdq",
            "popcnt",
            "rdrand",
            "rdseed",
            "sse",
            "sse2",
            "sse4_1",
            "sse4_2",
            "ssse3",
            "xsavec",
            "xsaveopt"
          ],
          "generation": 0,
          "parents": [
            "broadwell"
          ]
        }
      },
      "compiler": {
        "name": "gcc",
        "version": "10.2.1"
      },
      "namespace": "builtin",
      "parameters": {
        "patches": [
          "9dc5fbd0d5cb1037ab1e6d0ecc74a30df218d0a94bdd5a02759a97f62daca573",
          "bfdffa7c2eb01021d5849b36972c069693654ad826c1a20b53534009a4ec7a89"
        ],
        "sigsegv": true,
        "cflags": [],
        "cppflags": [],
        "cxxflags": [],
        "fflags": [],
        "ldflags": [],
        "ldlibs": []
      },
      "patches": [
        "bfdffa7c2eb01021d5849b36972c069693654ad826c1a20b53534009a4ec7a89",
        "9dc5fbd0d5cb1037ab1e6d0ecc74a30df218d0a94bdd5a02759a97f62daca573"
      ],
      "package_hash": "52cwio6o2j4khyvcgktqqz3aiugtornvzqmvgvtnj3aqnyrp4tuq====",
      "dependencies": [
        {
          "name": "libsigsegv",
          "hash": "bfk5kkzwhsmsm5insbpzp32adb6f7jxh",
          "type": [
            "build",
            "link"
          ]
        }
      ],
      "hash": "7tmpfitzvddq7iwphgpe5oyn2o4nbzds"
    },
    "bfk5kkzwhsmsm5insbpzp32adb6f7jxh": {
      "name": "libsigsegv",
      "version": "2.13",
      "arch": {
        "platform": "linux",
        "platform_os": "debian11",
        "target": {
          "name": "skylake",
          "vendor": "GenuineIntel",
          "features": [
            "adx",
            "aes",
            "avx",
            "avx2",
            "bmi1",
            "bmi2",
            "clflushopt",
            "f16c",
            "fma",
            "mmx",
            "movbe",
            "pclmulqdq",
            "popcnt",
            "rdrand",
            "rdseed",
            "sse",
            "sse2",
            "sse4_1",
            "sse4_2",
            "ssse3",
            "xsavec",
            "xsaveopt"
          ],
          "generation": 0,
          "parents": [
            "broadwell"
          ]
        }
      },
      "compiler": {
        "name": "gcc",
        "version": "10.2.1"
      },
      "namespace": "builtin",
      "parameters": {
        "cflags": [],
        "cppflags": [],
        "cxxflags": [],
        "fflags": [],
        "ldflags": [],
        "ldlibs": []
      },
      "package_hash": "wuvqtpdunet5gmfkvtqr6powrst7c3bxi3cm22gpxarwimlhwfpq====",
      "hash": "bfk5kkzwhsmsm5insbpzp32adb6f7jxh"
    },
    "jebeduv7jbe2tcn6zlzuqsa5znrcwq65": {
      "name": "perl",
      "version": "5.32",
      "arch": {
        "platform": "linux",
        "platform_os": "debian11",
        "target": {
          "name": "skylake",
          "vendor": "GenuineIntel",
          "features": [
            "adx",
            "aes",
            "avx",
            "avx2",
            "bmi1",
            "bmi2",
            "clflushopt",
            "f16c",
            "fma",
            "mmx",
            "movbe",
            "pclmulqdq",
            "popcnt",
            "rdrand",
            "rdseed",
            "sse",
            "sse2",
            "sse4_1",
            "sse4_2",
            "ssse3",
            "xsavec",
            "xsaveopt"
          ],
          "generation": 0,
          "parents": [
            "broadwell"
          ]
        }
      },
      "compiler": {
        "name": "gcc",
        "version": "10.2.1"
      },
      "namespace": "builtin",
      "parameters": {
        "cpanm": true,
        "shared": true,
        "threads": true,
        "cflags": [],
        "cppflags": [],
        "cxxflags": [],
        "fflags": [],
        "ldflags": [],
        "ldlibs": []
      },
      "external": {
        "path": "/usr",
        "module": null,
        "extra_attributes": {}
      },
      "package_hash": "mxchhrcxgckqm44w4467dxyvwmgzmkqbw3zdt6xfqeng6pfq4dea====",
      "hash": "jebeduv7jbe2tcn6zlzuqsa5znrcwq65"
    },
    "35us5t6f24fsospseutcrbjlnm7x57ur": {
      "name": "automake",
      "version": "1.16.5",
      "arch": {
        "platform": "linux",
        "platform_os": "debian11",
        "target": {
          "name": "skylake",
          "vendor": "GenuineIntel",
          "features": [
            "adx",
            "aes",
            "avx",
            "avx2",
            "bmi1",
            "bmi2",
            "clflushopt",
            "f16c",
            "fma",
            "mmx",
            "movbe",
            "pclmulqdq",
            "popcnt",
            "rdrand",
            "rdseed",
            "sse",
            "sse2",
            "sse4_1",
            "sse4_2",
            "ssse3",
            "xsavec",
            "xsaveopt"
          ],
          "generation": 0,
          "parents": [
            "broadwell"
          ]
        }
      },
      "compiler": {
        "name": "gcc",
        "version": "10.2.1"
      },
      "namespace": "builtin",
      "parameters": {
        "cflags": [],
        "cppflags": [],
        "cxxflags": [],
        "fflags": [],
        "ldflags": [],
        "ldlibs": []
      },
      "package_hash": "2jvnqcm4gnbv5khndfg2e2aihtzomrkyf6randcoe6xkl6y4xlqq====",
      "dependencies": [
        {
          "name": "autoconf",
          "hash": "7qd27rtxzbdtd4ssvk77dxzfyf2hccud",
          "type": [
            "build"
          ]
        },
        {
          "name": "perl",
          "hash": "jebeduv7jbe2tcn6zlzuqsa5znrcwq65",
          "type": [
            "build",
            "run"
          ]
        }
      ],
      "hash": "35us5t6f24fsospseutcrbjlnm7x57ur"
    },
    "sbrp362d4gq5bimst2gjamsdyjmenp64": {
      "name": "libtool",
      "version": "2.4.7",
      "arch": {
        "platform": "linux",
        "platform_os": "debian11",
        "target": {
          "name": "skylake",
          "vendor": "GenuineIntel",
          "features": [
            "adx",
            "aes",
            "avx",
            "avx2",
            "bmi1",
            "bmi2",
            "clflushopt",
            "f16c",
            "fma",
            "mmx",
            "movbe",
            "pclmulqdq",
            "popcnt",
            "rdrand",
            "rdseed",
            "sse",
            "sse2",
            "sse4_1",
            "sse4_2",
            "ssse3",
            "xsavec",
            "xsaveopt"
          ],
          "generation": 0,
          "parents": [
            "broadwell"
          ]
        }
      },
      "compiler": {
        "name": "gcc",
        "version": "10.2.1"
      },
      "namespace": "builtin",
      "parameters": {
        "cflags": [],
        "cppflags": [],
        "cxxflags": [],
        "fflags": [],
        "ldflags": [],
        "ldlibs": []
      },
      "package_hash": "nd2bncrl2ochxcpgwl2jwee5d5j7s7hvorghpoqtvk4ga5b4ji7q====",
      "dependencies": [
        {
          "name": "m4",
          "hash": "7tmpfitzvddq7iwphgpe5oyn2o4nbzds",
          "type": [
            "build"
          ]
        }
      ],
      "hash": "sbrp362d4gq5bimst2gjamsdyjmenp64"
    },
    "4lpjhmchsr3rwxnreos3phb2wu3qxg2p": {
      "name": "pkg-config",
      "version": "0.29.2",
      "arch": {
        "platform": "linux",
        "platform_os": "debian11",
        "target": {
          "name": "skylake",
          "vendor": "GenuineIntel",
          "features": [
            "adx",
            "aes",
            "avx",
            "avx2",
            "bmi1",
            "bmi2",
            "clflushopt",
            "f16c",
            "fma",
            "mmx",
            "movbe",
            "pclmulqdq",
            "popcnt",
            "rdrand",
            "rdseed",
            "sse",
            "sse2",
            "sse4_1",
            "sse4_2",
            "ssse3",
            "xsavec",
            "xsaveopt"
          ],
          "generation": 0,
          "parents": [
            "broadwell"
          ]
        }
      },
      "compiler": {
        "name": "gcc",
        "version": "10.2.1"
      },
      "namespace": "builtin",
      "parameters": {
        "internal_glib": true,
        "cflags": [],
        "cppflags": [],
        "cxxflags": [],
        "fflags": [],
        "ldflags": [],
        "ldlibs": []
      },
      "external": {
        "path": "/usr",
        "module": null,
        "extra_attributes": {}
      },
      "package_hash": "jvsx3s53wsp3cdq65xauudyixf2lkhqfy5qrc57w723nckw3sl6a====",
      "hash": "4lpjhmchsr3rwxnreos3phb2wu3qxg2p"
    }
  }
}